{
  "name": "EMAIL_VERIFICATION",
  "version": "1.0.0",
  "lockfileVersion": 1,
  "requires": true,
  "dependencies": {
    "email-deep-validator": {
      "version": "3.1.0",
      "resolved": "https://registry.npmjs.org/email-deep-validator/-/email-deep-validator-3.1.0.tgz",
      "integrity": "sha512-Zk9w0NVjXaS5kzbUeFf++O557FzsUkJKZwRzVFq/NUvQyhSPkgbssspsMQ4F/SeJm3HVchYsi6d0TkLfbLNQ1Q==",
      "requires": {
        "loglevel": "^1.6.1"
      }
    },
    "loglevel": {
      "version": "1.6.1",
      "resolved": "https://registry.npmjs.org/loglevel/-/loglevel-1.6.1.tgz",
      "integrity": "sha1-4PyVEztu8nbNyIh82vJKpvFW+Po="
    }
  }
}
